
Microsoft Visual Studio Solution File, Format Version 12.00
# Visual Studio 2012
Project("{FAE04EC0-301F-11D3-BF4B-00C04F79EFBC}") = "MicroMouseSimul", "MicroMouseSimul\MicroMouseSimul.csproj", "{2482CDBF-38D8-472E-A8DD-780422CACA1E}"
EndProject
Global
	GlobalSection(SolutionConfigurationPlatforms) = preSolution
		Debug|Any CPU = Debug|Any CPU
		Release|Any CPU = Release|Any CPU
	EndGlobalSection
	GlobalSection(ProjectConfigurationPlatforms) = postSolution
		{2482CDBF-38D8-472E-A8DD-780422CACA1E}.Debug|Any CPU.ActiveCfg = Debug|Any CPU
		{2482CDBF-38D8-472E-A8DD-780422CACA1E}.Debug|Any CPU.Build.0 = Debug|Any CPU
		{2482CDBF-38D8-472E-A8DD-780422CACA1E}.Release|Any CPU.ActiveCfg = Release|Any CPU
		{2482CDBF-38D8-472E-A8DD-780422CACA1E}.Release|Any CPU.Build.0 = Release|Any CPU
	EndGlobalSection
	GlobalSection(SolutionProperties) = preSolution
		HideSolutionNode = FALSE
	EndGlobalSection
EndGlobal
